
Microsoft Visual Studio Solution File, Format Version 12.00
# Visual Studio Version 16
VisualStudioVersion = 16.0.30517.126
MinimumVisualStudioVersion = 10.0.40219.1
Project("{9A19103F-16F7-4668-BE54-9A1E7A4F7556}") = "TMS.ShopCheckoutSimulator", "src\TMS.ShopCheckoutSimulator\TMS.ShopCheckoutSimulator.csproj", "{02FB2F7D-C79E-4DC9-B133-047003A6DC76}"
EndProject
Project("{FAE04EC0-301F-11D3-BF4B-00C04F79EFBC}") = "TryBefore", "TryBefore\TryBefore.csproj", "{87C762FA-8178-48EF-B0C2-834DFFF92F16}"
EndProject
Global
	GlobalSection(SolutionConfigurationPlatforms) = preSolution
		Debug|Any CPU = Debug|Any CPU
		Release|Any CPU = Release|Any CPU
	EndGlobalSection
	GlobalSection(ProjectConfigurationPlatforms) = postSolution
		{02FB2F7D-C79E-4DC9-B133-047003A6DC76}.Debug|Any CPU.ActiveCfg = Debug|Any CPU
		{02FB2F7D-C79E-4DC9-B133-047003A6DC76}.Debug|Any CPU.Build.0 = Debug|Any CPU
		{02FB2F7D-C79E-4DC9-B133-047003A6DC76}.Release|Any CPU.ActiveCfg = Release|Any CPU
		{02FB2F7D-C79E-4DC9-B133-047003A6DC76}.Release|Any CPU.Build.0 = Release|Any CPU
		{87C762FA-8178-48EF-B0C2-834DFFF92F16}.Debug|Any CPU.ActiveCfg = Debug|Any CPU
		{87C762FA-8178-48EF-B0C2-834DFFF92F16}.Debug|Any CPU.Build.0 = Debug|Any CPU
		{87C762FA-8178-48EF-B0C2-834DFFF92F16}.Release|Any CPU.ActiveCfg = Release|Any CPU
		{87C762FA-8178-48EF-B0C2-834DFFF92F16}.Release|Any CPU.Build.0 = Release|Any CPU
	EndGlobalSection
	GlobalSection(SolutionProperties) = preSolution
		HideSolutionNode = FALSE
	EndGlobalSection
	GlobalSection(ExtensibilityGlobals) = postSolution
		SolutionGuid = {F79C15E1-18DE-4474-9BA7-6027137D2F9E}
	EndGlobalSection
EndGlobal
